# This file is automatically @generated by Cargo.
# It is not intended for manual editing.
version = 3

[[package]]
name = "arrayvec"
version = "0.7.2"
source = "registry+https://github.com/rust-lang/crates.io-index"
checksum = "8da52d66c7071e2e3fa2a1e5c6d088fec47b593032b254f5e980de8ea54454d6"

[[package]]
name = "autocfg"
version = "0.1.7"
source = "registry+https://github.com/rust-lang/crates.io-index"
checksum = "1d49d90015b3c36167a20fe2810c5cd875ad504b39cff3d4eae7977e6b7c1cb2"

[[package]]
name = "bitflags"
version = "1.2.1"
source = "registry+https://github.com/rust-lang/crates.io-index"
checksum = "cf1de2fe8c75bc145a2f577add951f8134889b4795d47466a54a5c846d691693"

[[package]]
name = "bitvec"
version = "1.0.1"
source = "registry+https://github.com/rust-lang/crates.io-index"
checksum = "1bc2832c24239b0141d5674bb9174f9d68a8b5b3f2753311927c172ca46f7e9c"
dependencies = [
 "funty",
 "radium",
 "tap",
 "wyz",
]

[[package]]
name = "byte-slice-cast"
version = "1.2.2"
source = "registry+https://github.com/rust-lang/crates.io-index"
checksum = "c3ac9f8b63eca6fd385229b3675f6cc0dc5c8a5c8a54a59d4f52ffd670d87b0c"

[[package]]
name = "byteorder"
version = "1.4.3"
source = "registry+https://github.com/rust-lang/crates.io-index"
checksum = "14c189c53d098945499cdfa7ecc63567cf3886b3332b312a5b4585d8d3a6a610"

[[package]]
name = "bytes"
version = "1.3.0"
source = "registry+https://github.com/rust-lang/crates.io-index"
checksum = "dfb24e866b15a1af2a1b663f10c6b6b8f397a84aadb828f12e5b289ec23a3a3c"

[[package]]
name = "cc"
version = "1.0.69"
source = "registry+https://github.com/rust-lang/crates.io-index"
checksum = "e70cc2f62c6ce1868963827bd677764c62d07c3d9a3e1fb1177ee1a9ab199eb2"

[[package]]
name = "cfg-if"
version = "0.1.7"
source = "registry+https://github.com/rust-lang/crates.io-index"
checksum = "11d43355396e872eefb45ce6342e4374ed7bc2b3a502d1b28e36d6e23c05d1f4"

[[package]]
name = "cfg-if"
version = "1.0.0"
source = "registry+https://github.com/rust-lang/crates.io-index"
checksum = "baf1de4339761588bc0619e3cbc0120ee582ebb74b53b4efbf79117bd2da40fd"

[[package]]
name = "cloudabi"
version = "0.0.3"
source = "registry+https://github.com/rust-lang/crates.io-index"
checksum = "ddfc5b9aa5d4507acaf872de71051dfd0e309860e88966e1051e462a077aac4f"
dependencies = [
 "bitflags",
]

[[package]]
name = "crunchy"
version = "0.1.6"
source = "registry+https://github.com/rust-lang/crates.io-index"
checksum = "a2f4a431c5c9f662e1200b7c7f02c34e91361150e382089a8f2dec3ba680cbda"

[[package]]
name = "crunchy"
version = "0.2.2"
source = "registry+https://github.com/rust-lang/crates.io-index"
checksum = "7a81dae078cea95a014a339291cec439d2f232ebe854a9d672b796c6afafa9b7"

[[package]]
name = "edit-distance"
version = "2.1.0"
source = "registry+https://github.com/rust-lang/crates.io-index"
checksum = "bbbaaaf38131deb9ca518a274a45bfdb8771f139517b073b16c2d3d32ae5037b"

[[package]]
name = "ethbloom"
version = "0.12.1"
source = "registry+https://github.com/rust-lang/crates.io-index"
checksum = "11da94e443c60508eb62cf256243a64da87304c2802ac2528847f79d750007ef"
dependencies = [
 "crunchy 0.2.2",
 "fixed-hash 0.7.0",
 "impl-rlp",
 "impl-serde",
 "tiny-keccak 2.0.2",
]

[[package]]
name = "ethcore-transaction"
version = "0.1.0"
dependencies = [
 "ethereum-types",
 "ethkey",
 "keccak-hash",
 "rlp",
 "rustc-hex",
 "unexpected",
]

[[package]]
name = "ethereum-types"
version = "0.13.1"
source = "registry+https://github.com/rust-lang/crates.io-index"
checksum = "b2827b94c556145446fcce834ca86b7abf0c39a805883fe20e72c5bfdb5a0dc6"
dependencies = [
 "ethbloom",
 "fixed-hash 0.7.0",
 "impl-rlp",
 "impl-serde",
 "primitive-types 0.11.1",
 "uint",
]

[[package]]
name = "ethkey"
version = "0.3.0"
dependencies = [
 "byteorder",
 "edit-distance",
 "ethereum-types",
 "log 0.3.9",
 "mem",
 "rand 0.6.5",
 "rustc-hex",
 "secp256k1",
 "serde",
 "serde_derive",
 "tiny-keccak 1.4.2",
]

[[package]]
name = "fixed-hash"
version = "0.7.0"
source = "registry+https://github.com/rust-lang/crates.io-index"
checksum = "cfcf0ed7fe52a17a03854ec54a9f76d6d84508d1c0e66bc1793301c73fc8493c"
dependencies = [
 "byteorder",
 "rand 0.8.5",
 "rustc-hex",
 "static_assertions",
]

[[package]]
name = "fixed-hash"
version = "0.8.0"
source = "registry+https://github.com/rust-lang/crates.io-index"
checksum = "835c052cb0c08c1acf6ffd71c022172e18723949c8282f2b9f27efbc51e64534"
dependencies = [
 "static_assertions",
]

[[package]]
name = "fuchsia-cprng"
version = "0.1.1"
source = "registry+https://github.com/rust-lang/crates.io-index"
checksum = "a06f77d526c1a601b7c4cdd98f54b5eaabffc14d5f2f0296febdc7f357c6d3ba"

[[package]]
name = "funty"
version = "2.0.0"
source = "registry+https://github.com/rust-lang/crates.io-index"
checksum = "e6d5a32815ae3f33302d95fdcb2ce17862f8c65363dcfd29360480ba1001fc9c"

[[package]]
name = "getrandom"
version = "0.2.8"
source = "registry+https://github.com/rust-lang/crates.io-index"
checksum = "c05aeb6a22b8f62540c194aac980f2115af067bfe15a0734d7277a768d396b31"
dependencies = [
 "cfg-if 1.0.0",
 "libc",
 "wasi",
]

[[package]]
name = "hex"
version = "0.4.3"
source = "registry+https://github.com/rust-lang/crates.io-index"
checksum = "7f24254aa9a54b5c858eaee2f5bccdb46aaf0e486a595ed5fd8f86ba55232a70"

[[package]]
name = "impl-codec"
version = "0.6.0"
source = "registry+https://github.com/rust-lang/crates.io-index"
checksum = "ba6a270039626615617f3f36d15fc827041df3b78c439da2cadfa47455a77f2f"
dependencies = [
 "parity-scale-codec",
]

[[package]]
name = "impl-rlp"
version = "0.3.0"
source = "registry+https://github.com/rust-lang/crates.io-index"
checksum = "f28220f89297a075ddc7245cd538076ee98b01f2a9c23a53a4f1105d5a322808"
dependencies = [
 "rlp",
]

[[package]]
name = "impl-serde"
version = "0.3.2"
source = "registry+https://github.com/rust-lang/crates.io-index"
checksum = "4551f042f3438e64dbd6226b20527fc84a6e1fe65688b58746a2f53623f25f5c"
dependencies = [
 "serde",
]

[[package]]
name = "impl-trait-for-tuples"
version = "0.2.2"
source = "registry+https://github.com/rust-lang/crates.io-index"
checksum = "11d7a9f6330b71fea57921c9b61c47ee6e84f72d394754eff6163ae67e7395eb"
dependencies = [
 "proc-macro2",
 "quote",
 "syn",
]

[[package]]
name = "keccak-hash"
version = "0.10.0"
source = "registry+https://github.com/rust-lang/crates.io-index"
checksum = "4b286e6b663fb926e1eeb68528e69cb70ed46c6d65871a21b2215ae8154c6d3c"
dependencies = [
 "primitive-types 0.12.1",
 "tiny-keccak 2.0.2",
]

[[package]]
name = "libc"
version = "0.2.138"
source = "registry+https://github.com/rust-lang/crates.io-index"
checksum = "db6d7e329c562c5dfab7a46a2afabc8b987ab9a4834c9d1ca04dc54c1546cef8"

[[package]]
name = "log"
version = "0.3.9"
source = "registry+https://github.com/rust-lang/crates.io-index"
checksum = "e19e8d5c34a3e0e2223db8e060f9e8264aeeb5c5fc64a4ee9965c062211c024b"
dependencies = [
 "log 0.4.6",
]

[[package]]
name = "log"
version = "0.4.6"
source = "registry+https://github.com/rust-lang/crates.io-index"
checksum = "c84ec4b527950aa83a329754b01dbe3f58361d1c5efacd1f6d68c494d08a17c6"
dependencies = [
 "cfg-if 0.1.7",
]

[[package]]
name = "mem"
version = "0.1.0"

[[package]]
name = "once_cell"
version = "1.16.0"
source = "registry+https://github.com/rust-lang/crates.io-index"
checksum = "86f0b0d4bf799edbc74508c1e8bf170ff5f41238e5f8225603ca7caaae2b7860"

[[package]]
name = "parity-ethereum"
version = "2.1.0"
dependencies = [
 "ethcore-transaction",
 "ethkey",
]

[[package]]
name = "parity-scale-codec"
version = "3.2.1"
source = "registry+https://github.com/rust-lang/crates.io-index"
checksum = "366e44391a8af4cfd6002ef6ba072bae071a96aafca98d7d448a34c5dca38b6a"
dependencies = [
 "arrayvec",
 "bitvec",
 "byte-slice-cast",
 "impl-trait-for-tuples",
 "parity-scale-codec-derive",
 "serde",
]

[[package]]
name = "parity-scale-codec-derive"
version = "3.1.3"
source = "registry+https://github.com/rust-lang/crates.io-index"
checksum = "9299338969a3d2f491d65f140b00ddec470858402f888af98e8642fb5e8965cd"
dependencies = [
 "proc-macro-crate",
 "proc-macro2",
 "quote",
 "syn",
]

[[package]]
name = "ppv-lite86"
version = "0.2.17"
source = "registry+https://github.com/rust-lang/crates.io-index"
checksum = "5b40af805b3121feab8a3c29f04d8ad262fa8e0561883e7653e024ae4479e6de"

[[package]]
name = "primitive-types"
version = "0.11.1"
source = "registry+https://github.com/rust-lang/crates.io-index"
checksum = "e28720988bff275df1f51b171e1b2a18c30d194c4d2b61defdacecd625a5d94a"
dependencies = [
 "fixed-hash 0.7.0",
 "impl-codec",
 "impl-rlp",
 "impl-serde",
 "uint",
]

[[package]]
name = "primitive-types"
version = "0.12.1"
source = "registry+https://github.com/rust-lang/crates.io-index"
checksum = "9f3486ccba82358b11a77516035647c34ba167dfa53312630de83b12bd4f3d66"
dependencies = [
 "fixed-hash 0.8.0",
 "uint",
]

[[package]]
name = "proc-macro-crate"
version = "1.2.1"
source = "registry+https://github.com/rust-lang/crates.io-index"
checksum = "eda0fc3b0fb7c975631757e14d9049da17374063edb6ebbcbc54d880d4fe94e9"
dependencies = [
 "once_cell",
 "thiserror",
 "toml",
]

[[package]]
name = "proc-macro2"
version = "1.0.47"
source = "registry+https://github.com/rust-lang/crates.io-index"
checksum = "5ea3d908b0e36316caf9e9e2c4625cdde190a7e6f440d794667ed17a1855e725"
dependencies = [
 "unicode-ident",
]

[[package]]
name = "quote"
version = "1.0.21"
source = "registry+https://github.com/rust-lang/crates.io-index"
checksum = "bbe448f377a7d6961e30f5955f9b8d106c3f5e449d493ee1b125c1d43c2b5179"
dependencies = [
 "proc-macro2",
]

[[package]]
name = "radium"
version = "0.7.0"
source = "registry+https://github.com/rust-lang/crates.io-index"
checksum = "dc33ff2d4973d518d823d61aa239014831e521c75da58e3df4840d3f47749d09"

[[package]]
name = "rand"
version = "0.6.5"
source = "registry+https://github.com/rust-lang/crates.io-index"
checksum = "6d71dacdc3c88c1fde3885a3be3fbab9f35724e6ce99467f7d9c5026132184ca"
dependencies = [
 "autocfg",
 "libc",
 "rand_chacha 0.1.1",
 "rand_core 0.4.0",
 "rand_hc",
 "rand_isaac",
 "rand_jitter",
 "rand_os",
 "rand_pcg",
 "rand_xorshift",
 "winapi",
]

[[package]]
name = "rand"
version = "0.8.5"
source = "registry+https://github.com/rust-lang/crates.io-index"
checksum = "34af8d1a0e25924bc5b7c43c079c942339d8f0a8b57c39049bef581b46327404"
dependencies = [
 "libc",
 "rand_chacha 0.3.1",
 "rand_core 0.6.4",
]

[[package]]
name = "rand_chacha"
version = "0.1.1"
source = "registry+https://github.com/rust-lang/crates.io-index"
checksum = "556d3a1ca6600bfcbab7c7c91ccb085ac7fbbcd70e008a98742e7847f4f7bcef"
dependencies = [
 "autocfg",
 "rand_core 0.3.1",
]

[[package]]
name = "rand_chacha"
version = "0.3.1"
source = "registry+https://github.com/rust-lang/crates.io-index"
checksum = "e6c10a63a0fa32252be49d21e7709d4d4baf8d231c2dbce1eaa8141b9b127d88"
dependencies = [
 "ppv-lite86",
 "rand_core 0.6.4",
]

[[package]]
name = "rand_core"
version = "0.3.1"
source = "registry+https://github.com/rust-lang/crates.io-index"
checksum = "7a6fdeb83b075e8266dcc8762c22776f6877a63111121f5f8c7411e5be7eed4b"
dependencies = [
 "rand_core 0.4.0",
]

[[package]]
name = "rand_core"
version = "0.4.0"
source = "registry+https://github.com/rust-lang/crates.io-index"
checksum = "d0e7a549d590831370895ab7ba4ea0c1b6b011d106b5ff2da6eee112615e6dc0"

[[package]]
name = "rand_core"
version = "0.6.4"
source = "registry+https://github.com/rust-lang/crates.io-index"
checksum = "ec0be4795e2f6a28069bec0b5ff3e2ac9bafc99e6a9a7dc3547996c5c816922c"
dependencies = [
 "getrandom",
]

[[package]]
name = "rand_hc"
version = "0.1.0"
source = "registry+https://github.com/rust-lang/crates.io-index"
checksum = "7b40677c7be09ae76218dc623efbf7b18e34bced3f38883af07bb75630a21bc4"
dependencies = [
 "rand_core 0.3.1",
]

[[package]]
name = "rand_isaac"
version = "0.1.1"
source = "registry+https://github.com/rust-lang/crates.io-index"
checksum = "ded997c9d5f13925be2a6fd7e66bf1872597f759fd9dd93513dd7e92e5a5ee08"
dependencies = [
 "rand_core 0.3.1",
]

[[package]]
name = "rand_jitter"
version = "0.1.4"
source = "registry+https://github.com/rust-lang/crates.io-index"
checksum = "1166d5c91dc97b88d1decc3285bb0a99ed84b05cfd0bc2341bdf2d43fc41e39b"
dependencies = [
 "libc",
 "rand_core 0.4.0",
 "winapi",
]

[[package]]
name = "rand_os"
version = "0.1.3"
source = "registry+https://github.com/rust-lang/crates.io-index"
checksum = "7b75f676a1e053fc562eafbb47838d67c84801e38fc1ba459e8f180deabd5071"
dependencies = [
 "cloudabi",
 "fuchsia-cprng",
 "libc",
 "rand_core 0.4.0",
 "rdrand",
 "winapi",
]

[[package]]
name = "rand_pcg"
version = "0.1.2"
source = "registry+https://github.com/rust-lang/crates.io-index"
checksum = "abf9b09b01790cfe0364f52bf32995ea3c39f4d2dd011eac241d2914146d0b44"
dependencies = [
 "autocfg",
 "rand_core 0.4.0",
]

[[package]]
name = "rand_xorshift"
version = "0.1.1"
source = "registry+https://github.com/rust-lang/crates.io-index"
checksum = "cbf7e9e623549b0e21f6e97cf8ecf247c1a8fd2e8a992ae265314300b2455d5c"
dependencies = [
 "rand_core 0.3.1",
]

[[package]]
name = "rdrand"
version = "0.4.0"
source = "registry+https://github.com/rust-lang/crates.io-index"
checksum = "678054eb77286b51581ba43620cc911abf02758c91f93f479767aed0f90458b2"
dependencies = [
 "rand_core 0.3.1",
]

[[package]]
name = "rlp"
version = "0.5.2"
source = "registry+https://github.com/rust-lang/crates.io-index"
checksum = "bb919243f34364b6bd2fc10ef797edbfa75f33c252e7998527479c6d6b47e1ec"
dependencies = [
 "bytes",
 "rustc-hex",
]

[[package]]
name = "rustc-hex"
version = "2.1.0"
source = "registry+https://github.com/rust-lang/crates.io-index"
checksum = "3e75f6a532d0fd9f7f13144f392b6ad56a32696bfcd9c78f797f16bbb6f072d6"

[[package]]
name = "secp256k1"
version = "0.20.3"
source = "registry+https://github.com/rust-lang/crates.io-index"
checksum = "97d03ceae636d0fed5bae6a7f4f664354c5f4fcedf6eef053fef17e49f837d0a"
dependencies = [
 "rand 0.6.5",
 "secp256k1-sys",
]

[[package]]
name = "secp256k1-sys"
version = "0.4.1"
source = "registry+https://github.com/rust-lang/crates.io-index"
checksum = "827cb7cce42533829c792fc51b82fbf18b125b45a702ef2c8be77fce65463a7b"
dependencies = [
 "cc",
]

[[package]]
name = "serde"
version = "1.0.149"
source = "registry+https://github.com/rust-lang/crates.io-index"
checksum = "256b9932320c590e707b94576e3cc1f7c9024d0ee6612dfbcf1cb106cbe8e055"

[[package]]
name = "serde_derive"
version = "1.0.149"
source = "registry+https://github.com/rust-lang/crates.io-index"
checksum = "b4eae9b04cbffdfd550eb462ed33bc6a1b68c935127d008b27444d08380f94e4"
dependencies = [
 "proc-macro2",
 "quote",
 "syn",
]

[[package]]
name = "static_assertions"
version = "1.1.0"
source = "registry+https://github.com/rust-lang/crates.io-index"
checksum = "a2eb9349b6444b326872e140eb1cf5e7c522154d69e7a0ffb0fb81c06b37543f"

[[package]]
name = "syn"
version = "1.0.105"
source = "registry+https://github.com/rust-lang/crates.io-index"
checksum = "60b9b43d45702de4c839cb9b51d9f529c5dd26a4aff255b42b1ebc03e88ee908"
dependencies = [
 "proc-macro2",
 "quote",
 "unicode-ident",
]

[[package]]
name = "tap"
version = "1.0.1"
source = "registry+https://github.com/rust-lang/crates.io-index"
checksum = "55937e1799185b12863d447f42597ed69d9928686b8d88a1df17376a097d8369"

[[package]]
name = "thiserror"
version = "1.0.37"
source = "registry+https://github.com/rust-lang/crates.io-index"
checksum = "10deb33631e3c9018b9baf9dcbbc4f737320d2b576bac10f6aefa048fa407e3e"
dependencies = [
 "thiserror-impl",
]

[[package]]
name = "thiserror-impl"
version = "1.0.37"
source = "registry+https://github.com/rust-lang/crates.io-index"
checksum = "982d17546b47146b28f7c22e3d08465f6b8903d0ea13c1660d9d84a6e7adcdbb"
dependencies = [
 "proc-macro2",
 "quote",
 "syn",
]

[[package]]
name = "tiny-keccak"
version = "1.4.2"
source = "registry+https://github.com/rust-lang/crates.io-index"
checksum = "e9175261fbdb60781fcd388a4d6cc7e14764a2b629a7ad94abb439aed223a44f"
dependencies = [
 "crunchy 0.1.6",
]

[[package]]
name = "tiny-keccak"
version = "2.0.2"
source = "registry+https://github.com/rust-lang/crates.io-index"
checksum = "2c9d3793400a45f954c52e73d068316d76b6f4e36977e3fcebb13a2721e80237"
dependencies = [
 "crunchy 0.2.2",
]

[[package]]
name = "toml"
version = "0.5.9"
source = "registry+https://github.com/rust-lang/crates.io-index"
checksum = "8d82e1a7758622a465f8cee077614c73484dac5b836c02ff6a40d5d1010324d7"
dependencies = [
 "serde",
]

[[package]]
name = "uint"
version = "0.9.5"
source = "registry+https://github.com/rust-lang/crates.io-index"
checksum = "76f64bba2c53b04fcab63c01a7d7427eadc821e3bc48c34dc9ba29c501164b52"
dependencies = [
 "byteorder",
 "crunchy 0.2.2",
 "hex",
 "static_assertions",
]

[[package]]
name = "unexpected"
version = "0.1.0"

[[package]]
name = "unicode-ident"
version = "1.0.5"
source = "registry+https://github.com/rust-lang/crates.io-index"
checksum = "6ceab39d59e4c9499d4e5a8ee0e2735b891bb7308ac83dfb4e80cad195c9f6f3"

[[package]]
name = "wasi"
version = "0.11.0+wasi-snapshot-preview1"
source = "registry+https://github.com/rust-lang/crates.io-index"
checksum = "9c8d87e72b64a3b4db28d11ce29237c246188f4f51057d65a7eab63b7987e423"

[[package]]
name = "winapi"
version = "0.3.6"
source = "registry+https://github.com/rust-lang/crates.io-index"
checksum = "92c1eb33641e276cfa214a0522acad57be5c56b10cb348b3c5117db75f3ac4b0"
dependencies = [
 "winapi-i686-pc-windows-gnu",
 "winapi-x86_64-pc-windows-gnu",
]

[[package]]
name = "winapi-i686-pc-windows-gnu"
version = "0.4.0"
source = "registry+https://github.com/rust-lang/crates.io-index"
checksum = "ac3b87c63620426dd9b991e5ce0329eff545bccbbb34f3be09ff6fb6ab51b7b6"

[[package]]
name = "winapi-x86_64-pc-windows-gnu"
version = "0.4.0"
source = "registry+https://github.com/rust-lang/crates.io-index"
checksum = "712e227841d057c1ee1cd2fb22fa7e5a5461ae8e48fa2ca79ec42cfc1931183f"

[[package]]
name = "wyz"
version = "0.5.1"
source = "registry+https://github.com/rust-lang/crates.io-index"
checksum = "05f360fc0b24296329c78fda852a1e9ae82de9cf7b27dae4b7f62f118f77b9ed"
dependencies = [
 "tap",
]

[[patch.unused]]
name = "ring"
version = "0.12.1"
source = "git+https://github.com/paritytech/ring#bae475e9f7ea7dd4ae671bef4b576089a9b06731"
